
Microsoft Visual Studio Solution File, Format Version 12.00
# Visual Studio 15
Project("{FAE04EC0-301F-11D3-BF4B-00C04F79EFBC}") = "TryvogaPrediction", "TryvogaPrediction\TryvogaPrediction.csproj", "{6BD81C45-5C94-49F2-8D1E-38C8C0FF06BF}"
EndProject
Global
	GlobalSection(SolutionConfigurationPlatforms) = preSolution
		Debug|Any CPU = Debug|Any CPU
		Release|Any CPU = Release|Any CPU
	EndGlobalSection
	GlobalSection(ProjectConfigurationPlatforms) = postSolution
		{6BD81C45-5C94-49F2-8D1E-38C8C0FF06BF}.Debug|Any CPU.ActiveCfg = Debug|Any CPU
		{6BD81C45-5C94-49F2-8D1E-38C8C0FF06BF}.Debug|Any CPU.Build.0 = Debug|Any CPU
		{6BD81C45-5C94-49F2-8D1E-38C8C0FF06BF}.Release|Any CPU.ActiveCfg = Release|Any CPU
		{6BD81C45-5C94-49F2-8D1E-38C8C0FF06BF}.Release|Any CPU.Build.0 = Release|Any CPU
	EndGlobalSection
EndGlobal
